# This file is autogenerated, do not edit; changes may be undone by the next 'dep ensure'.


[[projects]]
  branch = "master"
  name = "github.com/bugra/kmeans"
  packages = ["."]
  revision = "bf06fda928a76d03b9802e7a677229ff038969ef"

[[projects]]
  name = "github.com/gobwas/glob"
  packages = [".","compiler","match","syntax","syntax/ast","syntax/lexer","util/runes","util/strings"]
  revision = "5ccd90ef52e1e632236f7326478d4faa74f99438"
  version = "v0.2.3"

[[projects]]
  branch = "master"
  name = "github.com/kballard/go-shellquote"
  packages = ["."]
  revision = "95032a82bc518f77982ea72343cc1ade730072f0"

[[projects]]
  branch = "master"
  name = "github.com/oxtoacart/bpool"
  packages = ["."]
  revision = "4e1c5567d7c2dd59fa4c7c83d34c2f3528b025d6"

[[projects]]
  name = "github.com/sgreben/flagvar"
  packages = ["glob","template"]
  revision = "758c5af5f07a9b90b28a3da0a69061fc9dc2e922"
  version = "1.4.0"

[solve-meta]
  analyzer-name = "dep"
  analyzer-version = 1
  inputs-digest = "3afc885766c67c5c7331d910329846e99aa3860630fd690dc68db7792b8dbc7d"
  solver-name = "gps-cdcl"
  solver-version = 1
